
Microsoft Visual Studio Solution File, Format Version 12.00
# Visual Studio 15
VisualStudioVersion = 15.0.28307.1062
MinimumVisualStudioVersion = 10.0.40219.1
Project("{FAE04EC0-301F-11D3-BF4B-00C04F79EFBC}") = "task_1", "epam_task_1\task_1.csproj", "{8A1BC9C2-B4E2-4BC9-BF19-194EE4717EE5}"
EndProject
Project("{FAE04EC0-301F-11D3-BF4B-00C04F79EFBC}") = "task1_untitTests", "task1_untitTests\task1_untitTests.csproj", "{8E702877-1A28-45B8-9E40-B8F3F5D5A40D}"
EndProject
Project("{FAE04EC0-301F-11D3-BF4B-00C04F79EFBC}") = "FiguresClassLibrary", "task_2\FiguresClassLibrary.csproj", "{EAEB0E5B-D243-4ACA-9B8F-420B6F38206B}"
EndProject
Project("{2150E333-8FDC-42A3-9474-1A3956D46DE8}") = "Task 1", "Task 1", "{58720AE5-DAE5-4F21-BF53-020BBEC972FE}"
EndProject
Project("{2150E333-8FDC-42A3-9474-1A3956D46DE8}") = "Task2", "Task2", "{5A62845E-4F96-489D-B88B-62EDCFBC8436}"
EndProject
Project("{FAE04EC0-301F-11D3-BF4B-00C04F79EFBC}") = "DataParserLibrary", "DataParserLibrary\DataParserLibrary.csproj", "{67693AD4-5F74-48B5-84F2-3860D2B451A8}"
EndProject
Project("{FAE04EC0-301F-11D3-BF4B-00C04F79EFBC}") = "FileExtensionsLibrary", "FileExtensions\FileExtensionsLibrary.csproj", "{C8688C74-EEEE-456C-A25D-C7594DFB15E5}"
EndProject
Global
	GlobalSection(SolutionConfigurationPlatforms) = preSolution
		Debug|Any CPU = Debug|Any CPU
		Release|Any CPU = Release|Any CPU
	EndGlobalSection
	GlobalSection(ProjectConfigurationPlatforms) = postSolution
		{8A1BC9C2-B4E2-4BC9-BF19-194EE4717EE5}.Debug|Any CPU.ActiveCfg = Debug|Any CPU
		{8A1BC9C2-B4E2-4BC9-BF19-194EE4717EE5}.Debug|Any CPU.Build.0 = Debug|Any CPU
		{8A1BC9C2-B4E2-4BC9-BF19-194EE4717EE5}.Release|Any CPU.ActiveCfg = Release|Any CPU
		{8A1BC9C2-B4E2-4BC9-BF19-194EE4717EE5}.Release|Any CPU.Build.0 = Release|Any CPU
		{8E702877-1A28-45B8-9E40-B8F3F5D5A40D}.Debug|Any CPU.ActiveCfg = Debug|Any CPU
		{8E702877-1A28-45B8-9E40-B8F3F5D5A40D}.Debug|Any CPU.Build.0 = Debug|Any CPU
		{8E702877-1A28-45B8-9E40-B8F3F5D5A40D}.Release|Any CPU.ActiveCfg = Release|Any CPU
		{8E702877-1A28-45B8-9E40-B8F3F5D5A40D}.Release|Any CPU.Build.0 = Release|Any CPU
		{EAEB0E5B-D243-4ACA-9B8F-420B6F38206B}.Debug|Any CPU.ActiveCfg = Debug|Any CPU
		{EAEB0E5B-D243-4ACA-9B8F-420B6F38206B}.Debug|Any CPU.Build.0 = Debug|Any CPU
		{EAEB0E5B-D243-4ACA-9B8F-420B6F38206B}.Release|Any CPU.ActiveCfg = Release|Any CPU
		{EAEB0E5B-D243-4ACA-9B8F-420B6F38206B}.Release|Any CPU.Build.0 = Release|Any CPU
		{67693AD4-5F74-48B5-84F2-3860D2B451A8}.Debug|Any CPU.ActiveCfg = Debug|Any CPU
		{67693AD4-5F74-48B5-84F2-3860D2B451A8}.Debug|Any CPU.Build.0 = Debug|Any CPU
		{67693AD4-5F74-48B5-84F2-3860D2B451A8}.Release|Any CPU.ActiveCfg = Release|Any CPU
		{67693AD4-5F74-48B5-84F2-3860D2B451A8}.Release|Any CPU.Build.0 = Release|Any CPU
		{C8688C74-EEEE-456C-A25D-C7594DFB15E5}.Debug|Any CPU.ActiveCfg = Debug|Any CPU
		{C8688C74-EEEE-456C-A25D-C7594DFB15E5}.Debug|Any CPU.Build.0 = Debug|Any CPU
		{C8688C74-EEEE-456C-A25D-C7594DFB15E5}.Release|Any CPU.ActiveCfg = Release|Any CPU
		{C8688C74-EEEE-456C-A25D-C7594DFB15E5}.Release|Any CPU.Build.0 = Release|Any CPU
	EndGlobalSection
	GlobalSection(SolutionProperties) = preSolution
		HideSolutionNode = FALSE
	EndGlobalSection
	GlobalSection(NestedProjects) = preSolution
		{8A1BC9C2-B4E2-4BC9-BF19-194EE4717EE5} = {58720AE5-DAE5-4F21-BF53-020BBEC972FE}
		{8E702877-1A28-45B8-9E40-B8F3F5D5A40D} = {58720AE5-DAE5-4F21-BF53-020BBEC972FE}
		{EAEB0E5B-D243-4ACA-9B8F-420B6F38206B} = {5A62845E-4F96-489D-B88B-62EDCFBC8436}
		{67693AD4-5F74-48B5-84F2-3860D2B451A8} = {5A62845E-4F96-489D-B88B-62EDCFBC8436}
		{C8688C74-EEEE-456C-A25D-C7594DFB15E5} = {5A62845E-4F96-489D-B88B-62EDCFBC8436}
	EndGlobalSection
	GlobalSection(ExtensibilityGlobals) = postSolution
		SolutionGuid = {1C3EB87E-3F55-4037-9873-895D95F5A845}
	EndGlobalSection
EndGlobal
